# THIS IS AN AUTOGENERATED FILE. DO NOT EDIT THIS FILE DIRECTLY.
# yarn lockfile v1


"@hotwired/turbo-rails@^8.0.0-beta.1":
  version "8.0.0-beta.1"
  resolved "https://registry.yarnpkg.com/@hotwired/turbo-rails/-/turbo-rails-8.0.0-beta.1.tgz#7d5bd2843caa5d8d224eb36f22078311163128bd"
  integrity sha512-x9G95vehf5LR4yYGvhD4z6wBMbmAVi0V87FTfenrmXPru4SfOVDsCwdEINBWsLqOvCgRPQD9eY2nGyDfZlsukg==
  dependencies:
    "@hotwired/turbo" "^8.0.0-beta.1"
    "@rails/actioncable" "^7.0"

"@hotwired/turbo@^8.0.0-beta.1":
  version "8.0.0-beta.1"
  resolved "https://registry.yarnpkg.com/@hotwired/turbo/-/turbo-8.0.0-beta.1.tgz#35a7086c4c959445db059ea4a9b9af85cdafa616"
  integrity sha512-g66YmO/Oa+EThB3KkNDhrM9mFnNyRn6tqgwGiBHh4Vf+d3XjCznuWSG2o2e2cO/RlddVRtCwvBSMuG6sYQWX+g==
  dependencies:
    idiomorph "https://github.com/basecamp/idiomorph#rollout-build"

"@rails/actioncable@^7.0", "@rails/actioncable@^7.1.2":
  version "7.1.2"
  resolved "https://registry.yarnpkg.com/@rails/actioncable/-/actioncable-7.1.2.tgz#d261ff4b72844f5af496671346ec478798f4ac2c"
  integrity sha512-KGziTZfbmGm8/fHOpj515xupbYU+49hsp4etfdpoDJ/CEY2bRZR0cyFcJkpK6n0t/sxOHNWY6bo9vSgXZvT7Mg==

"idiomorph@git+https://github.com/basecamp/idiomorph.git#rollout-build":
  version "0.0.8"
  resolved "git+https://github.com/basecamp/idiomorph.git#e906820368e4c9c52489a3336b8c3826b1bf6de5"

jquery@^3.7.1:
  version "3.7.1"
  resolved "https://registry.yarnpkg.com/jquery/-/jquery-3.7.1.tgz#083ef98927c9a6a74d05a6af02806566d16274de"
  integrity sha512-m4avr8yL8kmFN8psrbFFFmB/If14iN5o9nw/NgnnM+kybDJpRsAynV2BsfpTYrTRysYUdADVD7CkUUizgkpLfg==
